
Microsoft Visual Studio Solution File, Format Version 12.00
# Visual Studio Version 16
VisualStudioVersion = 16.0.32929.386
MinimumVisualStudioVersion = 10.0.40219.1
Project("{FAE04EC0-301F-11D3-BF4B-00C04F79EFBC}") = "ConsoleAppGraph", "ConsoleAppGraph.csproj", "{1F95B2BD-2D61-4236-A07F-0B6629379FDF}"
EndProject
Global
	GlobalSection(SolutionConfigurationPlatforms) = preSolution
		Debug|Any CPU = Debug|Any CPU
		Release|Any CPU = Release|Any CPU
	EndGlobalSection
	GlobalSection(ProjectConfigurationPlatforms) = postSolution
		{1F95B2BD-2D61-4236-A07F-0B6629379FDF}.Debug|Any CPU.ActiveCfg = Debug|Any CPU
		{1F95B2BD-2D61-4236-A07F-0B6629379FDF}.Debug|Any CPU.Build.0 = Debug|Any CPU
		{1F95B2BD-2D61-4236-A07F-0B6629379FDF}.Release|Any CPU.ActiveCfg = Release|Any CPU
		{1F95B2BD-2D61-4236-A07F-0B6629379FDF}.Release|Any CPU.Build.0 = Release|Any CPU
	EndGlobalSection
	GlobalSection(SolutionProperties) = preSolution
		HideSolutionNode = FALSE
	EndGlobalSection
	GlobalSection(ExtensibilityGlobals) = postSolution
		SolutionGuid = {92AD2DF9-67D7-4EAB-9200-93B2D2481717}
	EndGlobalSection
EndGlobal
